
Microsoft Visual Studio Solution File, Format Version 12.00
# Visual Studio 15
VisualStudioVersion = 15.0.28307.757
MinimumVisualStudioVersion = 10.0.40219.1
Project("{FAE04EC0-301F-11D3-BF4B-00C04F79EFBC}") = "UVP280", "UVP280.csproj", "{8CC12EE8-ABE0-40F7-B9AF-E2653A562595}"
EndProject
Global
	GlobalSection(SolutionConfigurationPlatforms) = preSolution
		Debug|Any CPU = Debug|Any CPU
		Release|Any CPU = Release|Any CPU
	EndGlobalSection
	GlobalSection(ProjectConfigurationPlatforms) = postSolution
		{8CC12EE8-ABE0-40F7-B9AF-E2653A562595}.Debug|Any CPU.ActiveCfg = Debug|Any CPU
		{8CC12EE8-ABE0-40F7-B9AF-E2653A562595}.Debug|Any CPU.Build.0 = Debug|Any CPU
		{8CC12EE8-ABE0-40F7-B9AF-E2653A562595}.Release|Any CPU.ActiveCfg = Release|Any CPU
		{8CC12EE8-ABE0-40F7-B9AF-E2653A562595}.Release|Any CPU.Build.0 = Release|Any CPU
	EndGlobalSection
	GlobalSection(SolutionProperties) = preSolution
		HideSolutionNode = FALSE
	EndGlobalSection
	GlobalSection(ExtensibilityGlobals) = postSolution
		SolutionGuid = {259ABDA4-042C-405B-ABAB-3C5E1FA8FAC9}
	EndGlobalSection
EndGlobal
